{
  "requires": true,
  "lockfileVersion": 1,
  "dependencies": {
    "array-compact": {
      "version": "1.0.0",
      "resolved": "http://npm.2kweb.online/array-compact/-/array-compact-1.0.0.tgz",
      "integrity": "sha1-1ChOkWH76lKvwqxXEysD0lU5ArY="
    },
    "array-uniq": {
      "version": "1.0.3",
      "resolved": "http://npm.2kweb.online/array-uniq/-/array-uniq-1.0.3.tgz",
      "integrity": "sha1-r2rId6Jcx/dOBYiUdThY39sk/bY="
    },
    "defaults-es6": {
      "version": "1.1.0",
      "resolved": "http://npm.2kweb.online/defaults-es6/-/defaults-es6-1.1.0.tgz",
      "integrity": "sha512-ygAlDgghgdNxOkOokK/Mw89wdmLbGsuSlwMaG6JDorAoOOv4nSPXrxW5y3ArNtBMdVmrd/YAeMcU63lyN0PleQ=="
    },
    "event-emitter-mixin": {
      "version": "1.0.1",
      "resolved": "http://npm.2kweb.online/event-emitter-mixin/-/event-emitter-mixin-1.0.1.tgz",
      "integrity": "sha512-aYVtqPq/gpc4DI9lH1uDx5d+rpMGCe7OuYqKs65aWXe57Nb3W/xPZn2nYGwobaMI6W+ykZKFcMLG/7ecYbOV2g==",
      "requires": {
        "mixwith": "0.1.1"
      }
    },
    "mixwith": {
      "version": "0.1.1",
      "resolved": "http://npm.2kweb.online/mixwith/-/mixwith-0.1.1.tgz",
      "integrity": "sha1-yJlZGMW2H7/amtN3qFfNR3UFQcA="
    }
  }
}
